github.com/lestrrat-3d/decad v0.0.0-20261006065031-c84f84c79d96 h1:I5U6fsZ7V7qRvDCU92eMePOG1C947y1tPoQruob6GY8=
github.com/lestrrat-3d/decad v0.0.0-20261006065031-c84f84c79d96/go.mod h1:5NGtnZd7ZbcYKdjT/o39qXV9CBRBCgOB2GGBfHgOUms=
github.com/lestrrat-3d/r3 v0.0.0-20261005214828-6011e4189399 h1:qWnfw9VztJPd6Zga5jnOhWXbFDguye8b7RGed7Xvvps=
github.com/lestrrat-3d/r3 v0.0.0-20261005214828-6011e4189399/go.mod h1:4ZWWwLiR9tf6tOORKYM95+OXLMbdAmHywWdUYsDJfYc=
github.com/lestrrat-3d/sketch v0.0.0-20261005201520-b53d21d41e7a h1:Uusa5uM7I4PqviSjwMWT8ATfvDHHtwyo/mwk3AwWy5g=
github.com/lestrrat-3d/sketch v0.0.0-20261005201520-b53d21d41e7a/go.mod h1:yU8fsrfp5gVwwjxD96OCgw/2R25SW4Smuz+U7iBWzT0=
github.com/lestrrat-3d/solidlens v0.0.0-20261005074038-bae28fc9f7c6 h1:WKH+9v5CoNF4hPwkTlt7c1/6vD5rctrdGW4j05DbCpU=
github.com/lestrrat-3d/solidlens v0.0.0-20261005074038-bae28fc9f7c6/go.mod h1:Ze4TBfNMLGKPVKz7fddCqXg06mf6iWdrW7Dk8bTZh5I=
github.com/lestrrat-3d/step v0.0.0-20260925014215-3a441f17e51d h1:7r+Z9nytgyZbSzzXneAYI1oHWxxzUQDBCxlfpBWBlq8=
github.com/lestrrat-3d/step v0.0.0-20260925014215-3a441f17e51d/go.mod h1:nMsIrTyreFVw9yx+QBFwOeoezGq8Hg8jF57UWiZzdwI=
github.com/lestrrat-3d/units v0.0.0-20261004172310-91d157ffd2a9 h1:5helb3PM/Y8xysvCvtqrA5I/VfC98tVY0+M+p98zl90=
github.com/lestrrat-3d/units v0.0.0-20261004172310-91d157ffd2a9/go.mod h1:049S7/d4khzJzx2wwbevu2vISiJ1xVxXDotMgCN6osY=
github.com/lestrrat-go/3mf v0.0.0-20261005042850-6101195a51c8 h1:d+4OIthxF6N6oiZ2idT6NSrNl4XpSEx9m7eGdgW/OLM=
github.com/lestrrat-go/3mf v0.0.0-20261005042850-6101195a51c8/go.mod h1:ff6VLoi2AZVXQWOjuRb9QUQLOah1u/02/dfsyULxpVM=
github.com/lestrrat-go/option/v3 v3.0.0-alpha1 h1:dvdzLwm/Ba5CJUF3jQP7w/iNYSLfy7yyh9XXNa1WjxI=
github.com/lestrrat-go/option/v3 v3.0.0-alpha1/go.mod h1:5KSg20dfsKkNJtjDmaQRLZVXuUrzuCCcz/gbDK0pfKk=
github.com/lestrrat-go/stl v0.0.0-20260904080308-f2792ffa3582 h1:gPfueVi1DstVplb0WmlWyWAbKJJl3fF/IJjXvQWBgUE=
github.com/lestrrat-go/stl v0.0.0-20260904080308-f2792ffa3582/go.mod h1:GPUQvgZuU2dRAoW3Y+3KZcVrhyIE1HApAzTnDs9VcVc=
github.com/stretchr/testify v1.12.1 h1:EuwCh5fleGS7H32xRwO3wRGT7DxrDhLAT6FF8MpWDWE=
github.com/stretchr/testify v1.12.1/go.mod h1:MDEgiDPPsNp5cuIrHPPCyornHKgEVbtFUmoNlxoYthg=
go.yaml.in/yaml/v3 v3.0.5 h1:N6y/pJk8buWs9NY5ERU2HSMfm+IuD/OtfdAnq6kESPw=
go.yaml.in/yaml/v3 v3.0.5/go.mod h1:HVTZu1O7/Vkt2N+BFy8Zza+lnLsABggaTM2ZpNIGuKg=
golang.org/x/image v0.46.0 h1:b1+oYj0Jbp6K5MDT4i4/eZpYlk3V8SJhhDKh6LBHAyQ=
golang.org/x/image v0.46.0/go.mod h1:3B3W05VGVQyuXucLINLjXKrqISASfi4Xj+iCVkLMwew=
